
Microsoft Visual Studio Solution File, Format Version 12.00
# Visual Studio Version 17
VisualStudioVersion = 17.6.33815.320
MinimumVisualStudioVersion = 10.0.40219.1
Project("{FAE04EC0-301F-11D3-BF4B-00C04F79EFBC}") = "C#_REST_API_MySQL", "C#_REST_API_MySQL\C#_REST_API_MySQL.csproj", "{CFC15A53-4D5F-4202-9C4B-4751201689B8}"
EndProject
Global
	GlobalSection(SolutionConfigurationPlatforms) = preSolution
		Debug|Any CPU = Debug|Any CPU
		Release|Any CPU = Release|Any CPU
	EndGlobalSection
	GlobalSection(ProjectConfigurationPlatforms) = postSolution
		{CFC15A53-4D5F-4202-9C4B-4751201689B8}.Debug|Any CPU.ActiveCfg = Debug|Any CPU
		{CFC15A53-4D5F-4202-9C4B-4751201689B8}.Debug|Any CPU.Build.0 = Debug|Any CPU
		{CFC15A53-4D5F-4202-9C4B-4751201689B8}.Release|Any CPU.ActiveCfg = Release|Any CPU
		{CFC15A53-4D5F-4202-9C4B-4751201689B8}.Release|Any CPU.Build.0 = Release|Any CPU
	EndGlobalSection
	GlobalSection(SolutionProperties) = preSolution
		HideSolutionNode = FALSE
	EndGlobalSection
	GlobalSection(ExtensibilityGlobals) = postSolution
		SolutionGuid = {68D254A9-4677-48A1-8738-97562941815D}
	EndGlobalSection
EndGlobal
